[[package]]
name = "feedparser"
version = "6.0.5"
description = "Universal feed parser, handles RSS 0.9x, RSS 1.0, RSS 2.0, CDF, Atom 0.3, and Atom 1.0 feeds"
category = "main"
optional = false
python-versions = ">=3.6"

[package.dependencies]
sgmllib3k = "*"

[[package]]
name = "html2text"
version = "2020.1.16"
description = "Turn HTML into equivalent Markdown-structured text."
category = "main"
optional = false
python-versions = ">=3.5"

[[package]]
name = "sgmllib3k"
version = "1.0.0"
description = "Py3k port of sgmllib."
category = "main"
optional = false
python-versions = "*"

[[package]]
name = "update-copyright"
version = "0.6.2"
description = "Automatically update copyright blurbs in versioned source."
category = "dev"
optional = false
python-versions = "*"

[metadata]
lock-version = "1.1"
python-versions = "^3.6"
content-hash = "90cb7e86a04cf6708485bd4c8c9c11c369898e17ffdb580897ca42ac4bfcc64e"

[metadata.files]
feedparser = [
    {file = "feedparser-6.0.5-py3-none-any.whl", hash = "sha256:f4dfcc94bb85fd44bb27089f696cdd225d6c10b3ab25a9ddaa8257b692b6a224"},
    {file = "feedparser-6.0.5.tar.gz", hash = "sha256:cae320004d904a12e33b1b10bd63766bc2823eec94e03b802fbb228d820838d9"},
]
html2text = [
    {file = "html2text-2020.1.16-py3-none-any.whl", hash = "sha256:c7c629882da0cf377d66f073329ccf34a12ed2adf0169b9285ae4e63ef54c82b"},
    {file = "html2text-2020.1.16.tar.gz", hash = "sha256:e296318e16b059ddb97f7a8a1d6a5c1d7af4544049a01e261731d2d5cc277bbb"},
]
sgmllib3k = [
    {file = "sgmllib3k-1.0.0.tar.gz", hash = "sha256:7868fb1c8bfa764c1ac563d3cf369c381d1325d36124933a726f29fcdaa812e9"},
]
update-copyright = [
    {file = "update-copyright-0.6.2.tar.gz", hash = "sha256:ffccb6eb762afcbd7e91d0e1901a3af7fba0d90ede4da21ac45e18d6d66bcb9f"},
]
