# This file is automatically @generated by Poetry 2.1.2 and should not be changed by hand.

[[package]]
name = "feedparser"
version = "6.0.11"
description = "Universal feed parser, handles RSS 0.9x, RSS 1.0, RSS 2.0, CDF, Atom 0.3, and Atom 1.0 feeds"
optional = false
python-versions = ">=3.6"
groups = ["main"]
files = [
    {file = "feedparser-6.0.11-py3-none-any.whl", hash = "sha256:0be7ee7b395572b19ebeb1d6aafb0028dee11169f1c934e0ed67d54992f4ad45"},
    {file = "feedparser-6.0.11.tar.gz", hash = "sha256:c9d0407b64c6f2a065d0ebb292c2b35c01050cc0dc33757461aaabdc4c4184d5"},
]

[package.dependencies]
sgmllib3k = "*"

[[package]]
name = "html2text"
version = "2025.4.15"
description = "Turn HTML into equivalent Markdown-structured text."
optional = false
python-versions = ">=3.9"
groups = ["main"]
files = [
    {file = "html2text-2025.4.15-py3-none-any.whl", hash = "sha256:00569167ffdab3d7767a4cdf589b7f57e777a5ed28d12907d8c58769ec734acc"},
    {file = "html2text-2025.4.15.tar.gz", hash = "sha256:948a645f8f0bc3abe7fd587019a2197a12436cd73d0d4908af95bfc8da337588"},
]

[[package]]
name = "sgmllib3k"
version = "1.0.0"
description = "Py3k port of sgmllib."
optional = false
python-versions = "*"
groups = ["main"]
files = [
    {file = "sgmllib3k-1.0.0.tar.gz", hash = "sha256:7868fb1c8bfa764c1ac563d3cf369c381d1325d36124933a726f29fcdaa812e9"},
]

[[package]]
name = "update-copyright"
version = "0.6.2"
description = "Automatically update copyright blurbs in versioned source."
optional = false
python-versions = "*"
groups = ["dev"]
files = [
    {file = "update-copyright-0.6.2.tar.gz", hash = "sha256:ffccb6eb762afcbd7e91d0e1901a3af7fba0d90ede4da21ac45e18d6d66bcb9f"},
]

[metadata]
lock-version = "2.1"
python-versions = "^3.9"
content-hash = "e5f0d9fd01d4a6fb221c1b0542b2d980ecedddd4eeb69f90ea9b94f78d906cc1"
